
Microsoft Visual Studio Solution File, Format Version 12.00
# Visual Studio Version 16
VisualStudioVersion = 16.0.30611.23
MinimumVisualStudioVersion = 10.0.40219.1
Project("{FAE04EC0-301F-11D3-BF4B-00C04F79EFBC}") = "TRMDataManager", "TRMDataManager\TRMDataManager.csproj", "{F6370C10-7F8C-4F0D-8CD7-68795E5BAA46}"
EndProject
Global
	GlobalSection(SolutionConfigurationPlatforms) = preSolution
		Debug|Any CPU = Debug|Any CPU
		Release|Any CPU = Release|Any CPU
	EndGlobalSection
	GlobalSection(ProjectConfigurationPlatforms) = postSolution
		{F6370C10-7F8C-4F0D-8CD7-68795E5BAA46}.Debug|Any CPU.ActiveCfg = Debug|Any CPU
		{F6370C10-7F8C-4F0D-8CD7-68795E5BAA46}.Debug|Any CPU.Build.0 = Debug|Any CPU
		{F6370C10-7F8C-4F0D-8CD7-68795E5BAA46}.Release|Any CPU.ActiveCfg = Release|Any CPU
		{F6370C10-7F8C-4F0D-8CD7-68795E5BAA46}.Release|Any CPU.Build.0 = Release|Any CPU
	EndGlobalSection
	GlobalSection(SolutionProperties) = preSolution
		HideSolutionNode = FALSE
	EndGlobalSection
	GlobalSection(ExtensibilityGlobals) = postSolution
		SolutionGuid = {5B392F94-3A4B-446E-A511-01A3B2229DAB}
	EndGlobalSection
EndGlobal
